
Microsoft Visual Studio Solution File, Format Version 12.00
# Visual Studio Version 17
VisualStudioVersion = 17.5.33424.131
MinimumVisualStudioVersion = 10.0.40219.1
Project("{FAE04EC0-301F-11D3-BF4B-00C04F79EFBC}") = "VoidBarcode.Android", "VoidBarcode\VoidBarcode.Android\VoidBarcode.Android.csproj", "{768840EE-28A1-4132-B57B-F9376622D9E0}"
EndProject
Project("{FAE04EC0-301F-11D3-BF4B-00C04F79EFBC}") = "VoidBarcode.iOS", "VoidBarcode\VoidBarcode.iOS\VoidBarcode.iOS.csproj", "{E410465B-6A1F-4D3C-B793-278932FD0941}"
EndProject
Project("{9A19103F-16F7-4668-BE54-9A1E7A4F7556}") = "VoidBarcode", "VoidBarcode\VoidBarcode\VoidBarcode.csproj", "{EE8AD2BC-8FAF-4FEB-A00D-CB4BFAFCE5CF}"
EndProject
Global
	GlobalSection(SolutionConfigurationPlatforms) = preSolution
		Ad-Hoc|Any CPU = Ad-Hoc|Any CPU
		Ad-Hoc|iPhone = Ad-Hoc|iPhone
		Ad-Hoc|iPhoneSimulator = Ad-Hoc|iPhoneSimulator
		AppStore|Any CPU = AppStore|Any CPU
		AppStore|iPhone = AppStore|iPhone
		AppStore|iPhoneSimulator = AppStore|iPhoneSimulator
		Debug|Any CPU = Debug|Any CPU
		Debug|iPhone = Debug|iPhone
		Debug|iPhoneSimulator = Debug|iPhoneSimulator
		Release|Any CPU = Release|Any CPU
		Release|iPhone = Release|iPhone
		Release|iPhoneSimulator = Release|iPhoneSimulator
	EndGlobalSection
	GlobalSection(ProjectConfigurationPlatforms) = postSolution
		{768840EE-28A1-4132-B57B-F9376622D9E0}.Ad-Hoc|Any CPU.ActiveCfg = Release|Any CPU
		{768840EE-28A1-4132-B57B-F9376622D9E0}.Ad-Hoc|Any CPU.Build.0 = Release|Any CPU
		{768840EE-28A1-4132-B57B-F9376622D9E0}.Ad-Hoc|Any CPU.Deploy.0 = Release|Any CPU
		{768840EE-28A1-4132-B57B-F9376622D9E0}.Ad-Hoc|iPhone.ActiveCfg = Release|Any CPU
		{768840EE-28A1-4132-B57B-F9376622D9E0}.Ad-Hoc|iPhone.Build.0 = Release|Any CPU
		{768840EE-28A1-4132-B57B-F9376622D9E0}.Ad-Hoc|iPhone.Deploy.0 = Release|Any CPU
		{768840EE-28A1-4132-B57B-F9376622D9E0}.Ad-Hoc|iPhoneSimulator.ActiveCfg = Release|Any CPU
		{768840EE-28A1-4132-B57B-F9376622D9E0}.Ad-Hoc|iPhoneSimulator.Build.0 = Release|Any CPU
		{768840EE-28A1-4132-B57B-F9376622D9E0}.Ad-Hoc|iPhoneSimulator.Deploy.0 = Release|Any CPU
		{768840EE-28A1-4132-B57B-F9376622D9E0}.AppStore|Any CPU.ActiveCfg = Release|Any CPU
		{768840EE-28A1-4132-B57B-F9376622D9E0}.AppStore|Any CPU.Build.0 = Release|Any CPU
		{768840EE-28A1-4132-B57B-F9376622D9E0}.AppStore|Any CPU.Deploy.0 = Release|Any CPU
		{768840EE-28A1-4132-B57B-F9376622D9E0}.AppStore|iPhone.ActiveCfg = Release|Any CPU
		{768840EE-28A1-4132-B57B-F9376622D9E0}.AppStore|iPhone.Build.0 = Release|Any CPU
		{768840EE-28A1-4132-B57B-F9376622D9E0}.AppStore|iPhone.Deploy.0 = Release|Any CPU
		{768840EE-28A1-4132-B57B-F9376622D9E0}.AppStore|iPhoneSimulator.ActiveCfg = Release|Any CPU
		{768840EE-28A1-4132-B57B-F9376622D9E0}.AppStore|iPhoneSimulator.Build.0 = Release|Any CPU
		{768840EE-28A1-4132-B57B-F9376622D9E0}.AppStore|iPhoneSimulator.Deploy.0 = Release|Any CPU
		{768840EE-28A1-4132-B57B-F9376622D9E0}.Debug|Any CPU.ActiveCfg = Debug|Any CPU
		{768840EE-28A1-4132-B57B-F9376622D9E0}.Debug|Any CPU.Build.0 = Debug|Any CPU
		{768840EE-28A1-4132-B57B-F9376622D9E0}.Debug|Any CPU.Deploy.0 = Debug|Any CPU
		{768840EE-28A1-4132-B57B-F9376622D9E0}.Debug|iPhone.ActiveCfg = Debug|Any CPU
		{768840EE-28A1-4132-B57B-F9376622D9E0}.Debug|iPhone.Build.0 = Debug|Any CPU
		{768840EE-28A1-4132-B57B-F9376622D9E0}.Debug|iPhone.Deploy.0 = Debug|Any CPU
		{768840EE-28A1-4132-B57B-F9376622D9E0}.Debug|iPhoneSimulator.ActiveCfg = Debug|Any CPU
		{768840EE-28A1-4132-B57B-F9376622D9E0}.Debug|iPhoneSimulator.Build.0 = Debug|Any CPU
		{768840EE-28A1-4132-B57B-F9376622D9E0}.Debug|iPhoneSimulator.Deploy.0 = Debug|Any CPU
		{768840EE-28A1-4132-B57B-F9376622D9E0}.Release|Any CPU.ActiveCfg = Release|Any CPU
		{768840EE-28A1-4132-B57B-F9376622D9E0}.Release|Any CPU.Build.0 = Release|Any CPU
		{768840EE-28A1-4132-B57B-F9376622D9E0}.Release|Any CPU.Deploy.0 = Release|Any CPU
		{768840EE-28A1-4132-B57B-F9376622D9E0}.Release|iPhone.ActiveCfg = Release|Any CPU
		{768840EE-28A1-4132-B57B-F9376622D9E0}.Release|iPhone.Build.0 = Release|Any CPU
		{768840EE-28A1-4132-B57B-F9376622D9E0}.Release|iPhone.Deploy.0 = Release|Any CPU
		{768840EE-28A1-4132-B57B-F9376622D9E0}.Release|iPhoneSimulator.ActiveCfg = Release|Any CPU
		{768840EE-28A1-4132-B57B-F9376622D9E0}.Release|iPhoneSimulator.Build.0 = Release|Any CPU
		{768840EE-28A1-4132-B57B-F9376622D9E0}.Release|iPhoneSimulator.Deploy.0 = Release|Any CPU
		{E410465B-6A1F-4D3C-B793-278932FD0941}.Ad-Hoc|Any CPU.ActiveCfg = Ad-Hoc|iPhone
		{E410465B-6A1F-4D3C-B793-278932FD0941}.Ad-Hoc|Any CPU.Build.0 = Ad-Hoc|iPhone
		{E410465B-6A1F-4D3C-B793-278932FD0941}.Ad-Hoc|Any CPU.Deploy.0 = Ad-Hoc|iPhone
		{E410465B-6A1F-4D3C-B793-278932FD0941}.Ad-Hoc|iPhone.ActiveCfg = Ad-Hoc|iPhone
		{E410465B-6A1F-4D3C-B793-278932FD0941}.Ad-Hoc|iPhone.Build.0 = Ad-Hoc|iPhone
		{E410465B-6A1F-4D3C-B793-278932FD0941}.Ad-Hoc|iPhone.Deploy.0 = Ad-Hoc|iPhone
		{E410465B-6A1F-4D3C-B793-278932FD0941}.Ad-Hoc|iPhoneSimulator.ActiveCfg = Ad-Hoc|iPhoneSimulator
		{E410465B-6A1F-4D3C-B793-278932FD0941}.Ad-Hoc|iPhoneSimulator.Build.0 = Ad-Hoc|iPhoneSimulator
		{E410465B-6A1F-4D3C-B793-278932FD0941}.Ad-Hoc|iPhoneSimulator.Deploy.0 = Ad-Hoc|iPhoneSimulator
		{E410465B-6A1F-4D3C-B793-278932FD0941}.AppStore|Any CPU.ActiveCfg = AppStore|iPhone
		{E410465B-6A1F-4D3C-B793-278932FD0941}.AppStore|Any CPU.Build.0 = AppStore|iPhone
		{E410465B-6A1F-4D3C-B793-278932FD0941}.AppStore|Any CPU.Deploy.0 = AppStore|iPhone
		{E410465B-6A1F-4D3C-B793-278932FD0941}.AppStore|iPhone.ActiveCfg = AppStore|iPhone
		{E410465B-6A1F-4D3C-B793-278932FD0941}.AppStore|iPhone.Build.0 = AppStore|iPhone
		{E410465B-6A1F-4D3C-B793-278932FD0941}.AppStore|iPhone.Deploy.0 = AppStore|iPhone
		{E410465B-6A1F-4D3C-B793-278932FD0941}.AppStore|iPhoneSimulator.ActiveCfg = AppStore|iPhoneSimulator
		{E410465B-6A1F-4D3C-B793-278932FD0941}.AppStore|iPhoneSimulator.Build.0 = AppStore|iPhoneSimulator
		{E410465B-6A1F-4D3C-B793-278932FD0941}.AppStore|iPhoneSimulator.Deploy.0 = AppStore|iPhoneSimulator
		{E410465B-6A1F-4D3C-B793-278932FD0941}.Debug|Any CPU.ActiveCfg = Debug|iPhoneSimulator
		{E410465B-6A1F-4D3C-B793-278932FD0941}.Debug|Any CPU.Build.0 = Debug|iPhoneSimulator
		{E410465B-6A1F-4D3C-B793-278932FD0941}.Debug|Any CPU.Deploy.0 = Debug|iPhoneSimulator
		{E410465B-6A1F-4D3C-B793-278932FD0941}.Debug|iPhone.ActiveCfg = Debug|iPhone
		{E410465B-6A1F-4D3C-B793-278932FD0941}.Debug|iPhone.Build.0 = Debug|iPhone
		{E410465B-6A1F-4D3C-B793-278932FD0941}.Debug|iPhone.Deploy.0 = Debug|iPhone
		{E410465B-6A1F-4D3C-B793-278932FD0941}.Debug|iPhoneSimulator.ActiveCfg = Debug|iPhoneSimulator
		{E410465B-6A1F-4D3C-B793-278932FD0941}.Debug|iPhoneSimulator.Build.0 = Debug|iPhoneSimulator
		{E410465B-6A1F-4D3C-B793-278932FD0941}.Debug|iPhoneSimulator.Deploy.0 = Debug|iPhoneSimulator
		{E410465B-6A1F-4D3C-B793-278932FD0941}.Release|Any CPU.ActiveCfg = Release|iPhone
		{E410465B-6A1F-4D3C-B793-278932FD0941}.Release|Any CPU.Build.0 = Release|iPhone
		{E410465B-6A1F-4D3C-B793-278932FD0941}.Release|Any CPU.Deploy.0 = Release|iPhone
		{E410465B-6A1F-4D3C-B793-278932FD0941}.Release|iPhone.ActiveCfg = Release|iPhone
		{E410465B-6A1F-4D3C-B793-278932FD0941}.Release|iPhone.Build.0 = Release|iPhone
		{E410465B-6A1F-4D3C-B793-278932FD0941}.Release|iPhone.Deploy.0 = Release|iPhone
		{E410465B-6A1F-4D3C-B793-278932FD0941}.Release|iPhoneSimulator.ActiveCfg = Release|iPhoneSimulator
		{E410465B-6A1F-4D3C-B793-278932FD0941}.Release|iPhoneSimulator.Build.0 = Release|iPhoneSimulator
		{E410465B-6A1F-4D3C-B793-278932FD0941}.Release|iPhoneSimulator.Deploy.0 = Release|iPhoneSimulator
		{EE8AD2BC-8FAF-4FEB-A00D-CB4BFAFCE5CF}.Ad-Hoc|Any CPU.ActiveCfg = Debug|Any CPU
		{EE8AD2BC-8FAF-4FEB-A00D-CB4BFAFCE5CF}.Ad-Hoc|Any CPU.Build.0 = Debug|Any CPU
		{EE8AD2BC-8FAF-4FEB-A00D-CB4BFAFCE5CF}.Ad-Hoc|Any CPU.Deploy.0 = Debug|Any CPU
		{EE8AD2BC-8FAF-4FEB-A00D-CB4BFAFCE5CF}.Ad-Hoc|iPhone.ActiveCfg = Debug|Any CPU
		{EE8AD2BC-8FAF-4FEB-A00D-CB4BFAFCE5CF}.Ad-Hoc|iPhone.Build.0 = Debug|Any CPU
		{EE8AD2BC-8FAF-4FEB-A00D-CB4BFAFCE5CF}.Ad-Hoc|iPhone.Deploy.0 = Debug|Any CPU
		{EE8AD2BC-8FAF-4FEB-A00D-CB4BFAFCE5CF}.Ad-Hoc|iPhoneSimulator.ActiveCfg = Debug|Any CPU
		{EE8AD2BC-8FAF-4FEB-A00D-CB4BFAFCE5CF}.Ad-Hoc|iPhoneSimulator.Build.0 = Debug|Any CPU
		{EE8AD2BC-8FAF-4FEB-A00D-CB4BFAFCE5CF}.Ad-Hoc|iPhoneSimulator.Deploy.0 = Debug|Any CPU
		{EE8AD2BC-8FAF-4FEB-A00D-CB4BFAFCE5CF}.AppStore|Any CPU.ActiveCfg = Debug|Any CPU
		{EE8AD2BC-8FAF-4FEB-A00D-CB4BFAFCE5CF}.AppStore|Any CPU.Build.0 = Debug|Any CPU
		{EE8AD2BC-8FAF-4FEB-A00D-CB4BFAFCE5CF}.AppStore|Any CPU.Deploy.0 = Debug|Any CPU
		{EE8AD2BC-8FAF-4FEB-A00D-CB4BFAFCE5CF}.AppStore|iPhone.ActiveCfg = Debug|Any CPU
		{EE8AD2BC-8FAF-4FEB-A00D-CB4BFAFCE5CF}.AppStore|iPhone.Build.0 = Debug|Any CPU
		{EE8AD2BC-8FAF-4FEB-A00D-CB4BFAFCE5CF}.AppStore|iPhone.Deploy.0 = Debug|Any CPU
		{EE8AD2BC-8FAF-4FEB-A00D-CB4BFAFCE5CF}.AppStore|iPhoneSimulator.ActiveCfg = Debug|Any CPU
		{EE8AD2BC-8FAF-4FEB-A00D-CB4BFAFCE5CF}.AppStore|iPhoneSimulator.Build.0 = Debug|Any CPU
		{EE8AD2BC-8FAF-4FEB-A00D-CB4BFAFCE5CF}.AppStore|iPhoneSimulator.Deploy.0 = Debug|Any CPU
		{EE8AD2BC-8FAF-4FEB-A00D-CB4BFAFCE5CF}.Debug|Any CPU.ActiveCfg = Debug|Any CPU
		{EE8AD2BC-8FAF-4FEB-A00D-CB4BFAFCE5CF}.Debug|Any CPU.Build.0 = Debug|Any CPU
		{EE8AD2BC-8FAF-4FEB-A00D-CB4BFAFCE5CF}.Debug|Any CPU.Deploy.0 = Debug|Any CPU
		{EE8AD2BC-8FAF-4FEB-A00D-CB4BFAFCE5CF}.Debug|iPhone.ActiveCfg = Debug|Any CPU
		{EE8AD2BC-8FAF-4FEB-A00D-CB4BFAFCE5CF}.Debug|iPhone.Build.0 = Debug|Any CPU
		{EE8AD2BC-8FAF-4FEB-A00D-CB4BFAFCE5CF}.Debug|iPhone.Deploy.0 = Debug|Any CPU
		{EE8AD2BC-8FAF-4FEB-A00D-CB4BFAFCE5CF}.Debug|iPhoneSimulator.ActiveCfg = Debug|Any CPU
		{EE8AD2BC-8FAF-4FEB-A00D-CB4BFAFCE5CF}.Debug|iPhoneSimulator.Build.0 = Debug|Any CPU
		{EE8AD2BC-8FAF-4FEB-A00D-CB4BFAFCE5CF}.Debug|iPhoneSimulator.Deploy.0 = Debug|Any CPU
		{EE8AD2BC-8FAF-4FEB-A00D-CB4BFAFCE5CF}.Release|Any CPU.ActiveCfg = Release|Any CPU
		{EE8AD2BC-8FAF-4FEB-A00D-CB4BFAFCE5CF}.Release|Any CPU.Build.0 = Release|Any CPU
		{EE8AD2BC-8FAF-4FEB-A00D-CB4BFAFCE5CF}.Release|Any CPU.Deploy.0 = Release|Any CPU
		{EE8AD2BC-8FAF-4FEB-A00D-CB4BFAFCE5CF}.Release|iPhone.ActiveCfg = Release|Any CPU
		{EE8AD2BC-8FAF-4FEB-A00D-CB4BFAFCE5CF}.Release|iPhone.Build.0 = Release|Any CPU
		{EE8AD2BC-8FAF-4FEB-A00D-CB4BFAFCE5CF}.Release|iPhone.Deploy.0 = Release|Any CPU
		{EE8AD2BC-8FAF-4FEB-A00D-CB4BFAFCE5CF}.Release|iPhoneSimulator.ActiveCfg = Release|Any CPU
		{EE8AD2BC-8FAF-4FEB-A00D-CB4BFAFCE5CF}.Release|iPhoneSimulator.Build.0 = Release|Any CPU
		{EE8AD2BC-8FAF-4FEB-A00D-CB4BFAFCE5CF}.Release|iPhoneSimulator.Deploy.0 = Release|Any CPU
	EndGlobalSection
	GlobalSection(SolutionProperties) = preSolution
		HideSolutionNode = FALSE
	EndGlobalSection
	GlobalSection(ExtensibilityGlobals) = postSolution
		SolutionGuid = {B17AB677-2CBA-4839-A71D-BD6D4CA2F000}
	EndGlobalSection
EndGlobal
